
Microsoft Visual Studio Solution File, Format Version 12.00
# Visual Studio Version 17
VisualStudioVersion = 17.3.32929.385
MinimumVisualStudioVersion = 10.0.40219.1
Project("{FAE04EC0-301F-11D3-BF4B-00C04F79EFBC}") = "Gestion_Para", "Gestion_Para\Gestion_Para.csproj", "{A8278566-CA6B-4E92-B552-84A6285634F6}"
EndProject
Global
	GlobalSection(SolutionConfigurationPlatforms) = preSolution
		Debug|Any CPU = Debug|Any CPU
		Release|Any CPU = Release|Any CPU
	EndGlobalSection
	GlobalSection(ProjectConfigurationPlatforms) = postSolution
		{A8278566-CA6B-4E92-B552-84A6285634F6}.Debug|Any CPU.ActiveCfg = Debug|Any CPU
		{A8278566-CA6B-4E92-B552-84A6285634F6}.Debug|Any CPU.Build.0 = Debug|Any CPU
		{A8278566-CA6B-4E92-B552-84A6285634F6}.Release|Any CPU.ActiveCfg = Release|Any CPU
		{A8278566-CA6B-4E92-B552-84A6285634F6}.Release|Any CPU.Build.0 = Release|Any CPU
	EndGlobalSection
	GlobalSection(SolutionProperties) = preSolution
		HideSolutionNode = FALSE
	EndGlobalSection
	GlobalSection(ExtensibilityGlobals) = postSolution
		SolutionGuid = {4C160078-3E57-48B3-B2A0-ECEF78DAA8C3}
	EndGlobalSection
EndGlobal
